// !$*UTF8*$!
{
	archiveVersion = 1;
	classes = {
	};
	objectVersion = 77;
	objects = {

/* Begin PBXBuildFile section */
		00181BFD2DABFA8500884E28 /* .gitignore in Resources */ = {isa = PBXBuildFile; fileRef = 00181BFC2DABFA7C00884E28 /* .gitignore */; };
		23DA6CEA2F914E74007A93EB /* FitnessProfile in Frameworks */ = {isa = PBXBuildFile; productRef = BB000002AA0000000000000A /* FitnessProfile */; };
		AA000004AABB000000000001 /* FitnessCore in Frameworks */ = {isa = PBXBuildFile; productRef = AA000004AABB000000000002 /* FitnessCore */; };
		BB000001AA00000000000001 /* FitnessResources in Frameworks */ = {isa = PBXBuildFile; productRef = BB000002AA00000000000001 /* FitnessResources */; };
		BB000001AA00000000000002 /* FitnessCore in Frameworks */ = {isa = PBXBuildFile; productRef = BB000002AA00000000000002 /* FitnessCore */; };
		BB000001AA00000000000003 /* FitnessStorage in Frameworks */ = {isa = PBXBuildFile; productRef = BB000002AA00000000000003 /* FitnessStorage */; };
		BB000001AA00000000000004 /* FitnessUI in Frameworks */ = {isa = PBXBuildFile; productRef = BB000002AA00000000000004 /* FitnessUI */; };
		BB000001AA00000000000005 /* FitnessAnalytics in Frameworks */ = {isa = PBXBuildFile; productRef = BB000002AA00000000000005 /* FitnessAnalytics */; };
		BB000001AA00000000000006 /* FitnessTraining in Frameworks */ = {isa = PBXBuildFile; productRef = BB000002AA00000000000006 /* FitnessTraining */; };
		BB000001AA00000000000007 /* FitnessExercise in Frameworks */ = {isa = PBXBuildFile; productRef = BB000002AA00000000000007 /* FitnessExercise */; };
		BB000001AA00000000000008 /* FitnessSchedule in Frameworks */ = {isa = PBXBuildFile; productRef = BB000002AA00000000000008 /* FitnessSchedule */; };
		BB000001AA00000000000009 /* Factory in Frameworks */ = {isa = PBXBuildFile; productRef = BB000002AA00000000000009 /* Factory */; };
		BB000001AA0000000000000B /* FitnessWorkouts in Frameworks */ = {isa = PBXBuildFile; productRef = BB000002AA0000000000000B /* FitnessWorkouts */; };
		BB000001AA0000000000000C /* FitnessPersistenceUI in Frameworks */ = {isa = PBXBuildFile; productRef = BB000002AA0000000000000C /* FitnessPersistenceUI */; };
		BB000001AA0000000000000D /* FitnessFriends in Frameworks */ = {isa = PBXBuildFile; productRef = BB000002AA0000000000000D /* FitnessFriends */; };
/* End PBXBuildFile section */

/* Begin PBXContainerItemProxy section */
		00181B042DABCCE400884E28 /* PBXContainerItemProxy */ = {
			isa = PBXContainerItemProxy;
			containerPortal = 00181AEA2DABCCE300884E28 /* Project object */;
			proxyType = 1;
			remoteGlobalIDString = 00181AF12DABCCE300884E28;
			remoteInfo = FitnessApp;
		};
		00181B0E2DABCCE400884E28 /* PBXContainerItemProxy */ = {
			isa = PBXContainerItemProxy;
			containerPortal = 00181AEA2DABCCE300884E28 /* Project object */;
			proxyType = 1;
			remoteGlobalIDString = 00181AF12DABCCE300884E28;
			remoteInfo = FitnessApp;
		};
/* End PBXContainerItemProxy section */

/* Begin PBXFileReference section */
		00181AF22DABCCE300884E28 /* FitnessApp.app */ = {isa = PBXFileReference; explicitFileType = wrapper.application; includeInIndex = 0; path = FitnessApp.app; sourceTree = BUILT_PRODUCTS_DIR; };
		00181B032DABCCE400884E28 /* FitnessAppTests.xctest */ = {isa = PBXFileReference; explicitFileType = wrapper.cfbundle; includeInIndex = 0; path = FitnessAppTests.xctest; sourceTree = BUILT_PRODUCTS_DIR; };
		00181B0D2DABCCE400884E28 /* FitnessAppUITests.xctest */ = {isa = PBXFileReference; explicitFileType = wrapper.cfbundle; includeInIndex = 0; path = FitnessAppUITests.xctest; sourceTree = BUILT_PRODUCTS_DIR; };
		00181BFC2DABFA7C00884E28 /* .gitignore */ = {isa = PBXFileReference; lastKnownFileType = text; path = .gitignore; sourceTree = "<group>"; };
/* End PBXFileReference section */

/* Begin PBXFileSystemSynchronizedBuildFileExceptionSet section */
		AA000002AABB000000000001 /* Exceptions for "FitnessAppUITests" folder in "FitnessApp" target */ = {
			isa = PBXFileSystemSynchronizedBuildFileExceptionSet;
			membershipExceptions = (
				Config/UITestLaunchConfig.swift,
				Config/UITestScreen.swift,
				Selectors/AccessibilityIDs.swift,
			);
			target = 00181AF12DABCCE300884E28 /* FitnessApp */;
		};
		AA000002AABB000000000002 /* Exceptions for "FitnessApp" folder in "FitnessApp" target */ = {
			isa = PBXFileSystemSynchronizedBuildFileExceptionSet;
			membershipExceptions = (
				Info.plist,
			);
			target = 00181AF12DABCCE300884E28 /* FitnessApp */;
		};
/* End PBXFileSystemSynchronizedBuildFileExceptionSet section */

/* Begin PBXFileSystemSynchronizedRootGroup section */
		00181AF42DABCCE300884E28 /* FitnessApp */ = {
			isa = PBXFileSystemSynchronizedRootGroup;
			exceptions = (
				AA000002AABB000000000002 /* Exceptions for "FitnessApp" folder in "FitnessApp" target */,
			);
			path = FitnessApp;
			sourceTree = "<group>";
		};
		00181B062DABCCE400884E28 /* FitnessAppTests */ = {
			isa = PBXFileSystemSynchronizedRootGroup;
			path = FitnessAppTests;
			sourceTree = "<group>";
		};
		00181B102DABCCE400884E28 /* FitnessAppUITests */ = {
			isa = PBXFileSystemSynchronizedRootGroup;
			exceptions = (
				AA000002AABB000000000001 /* Exceptions for "FitnessAppUITests" folder in "FitnessApp" target */,
			);
			path = FitnessAppUITests;
			sourceTree = "<group>";
		};
/* End PBXFileSystemSynchronizedRootGroup section */

/* Begin PBXFrameworksBuildPhase section */
		00181AEF2DABCCE300884E28 /* Frameworks */ = {
			isa = PBXFrameworksBuildPhase;
			buildActionMask = 2147483647;
			files = (
				23DA6CEA2F914E74007A93EB /* FitnessProfile in Frameworks */,
				BB000001AA00000000000001 /* FitnessResources in Frameworks */,
				BB000001AA00000000000002 /* FitnessCore in Frameworks */,
				BB000001AA00000000000003 /* FitnessStorage in Frameworks */,
				BB000001AA00000000000004 /* FitnessUI in Frameworks */,
				BB000001AA00000000000005 /* FitnessAnalytics in Frameworks */,
				BB000001AA00000000000006 /* FitnessTraining in Frameworks */,
				BB000001AA00000000000007 /* FitnessExercise in Frameworks */,
				BB000001AA0000000000000C /* FitnessPersistenceUI in Frameworks */,
				BB000001AA00000000000008 /* FitnessSchedule in Frameworks */,
				BB000001AA0000000000000B /* FitnessWorkouts in Frameworks */,
				BB000001AA00000000000009 /* Factory in Frameworks */,
				BB000001AA0000000000000D /* FitnessFriends in Frameworks */,
			);
			runOnlyForDeploymentPostprocessing = 0;
		};
		00181B002DABCCE400884E28 /* Frameworks */ = {
			isa = PBXFrameworksBuildPhase;
			buildActionMask = 2147483647;
			files = (
			);
			runOnlyForDeploymentPostprocessing = 0;
		};
		00181B0A2DABCCE400884E28 /* Frameworks */ = {
			isa = PBXFrameworksBuildPhase;
			buildActionMask = 2147483647;
			files = (
				AA000004AABB000000000001 /* FitnessCore in Frameworks */,
			);
			runOnlyForDeploymentPostprocessing = 0;
		};
/* End PBXFrameworksBuildPhase section */

/* Begin PBXGroup section */
		00181AE92DABCCE300884E28 = {
			isa = PBXGroup;
			children = (
				00181BFC2DABFA7C00884E28 /* .gitignore */,
				00181AF42DABCCE300884E28 /* FitnessApp */,
				00181B062DABCCE400884E28 /* FitnessAppTests */,
				00181B102DABCCE400884E28 /* FitnessAppUITests */,
				00181AF32DABCCE300884E28 /* Products */,
			);
			sourceTree = "<group>";
		};
		00181AF32DABCCE300884E28 /* Products */ = {
			isa = PBXGroup;
			children = (
				00181AF22DABCCE300884E28 /* FitnessApp.app */,
				00181B032DABCCE400884E28 /* FitnessAppTests.xctest */,
				00181B0D2DABCCE400884E28 /* FitnessAppUITests.xctest */,
			);
			name = Products;
			sourceTree = "<group>";
		};
/* End PBXGroup section */

/* Begin PBXNativeTarget section */
		00181AF12DABCCE300884E28 /* FitnessApp */ = {
			isa = PBXNativeTarget;
			buildConfigurationList = 00181B172DABCCE400884E28 /* Build configuration list for PBXNativeTarget "FitnessApp" */;
			buildPhases = (
				00181AEE2DABCCE300884E28 /* Sources */,
				00181AEF2DABCCE300884E28 /* Frameworks */,
				00181AF02DABCCE300884E28 /* Resources */,
			);
			buildRules = (
			);
			dependencies = (
			);
			fileSystemSynchronizedGroups = (
				00181AF42DABCCE300884E28 /* FitnessApp */,
			);
			name = FitnessApp;
			packageProductDependencies = (
				BB000002AA00000000000001 /* FitnessResources */,
				BB000002AA00000000000002 /* FitnessCore */,
				BB000002AA00000000000003 /* FitnessStorage */,
				BB000002AA00000000000004 /* FitnessUI */,
				BB000002AA00000000000005 /* FitnessAnalytics */,
				BB000002AA00000000000006 /* FitnessTraining */,
				BB000002AA00000000000007 /* FitnessExercise */,
				BB000002AA0000000000000C /* FitnessPersistenceUI */,
				BB000002AA00000000000008 /* FitnessSchedule */,
				BB000002AA00000000000009 /* Factory */,
				BB000002AA0000000000000A /* FitnessProfile */,
				BB000002AA0000000000000B /* FitnessWorkouts */,
				BB000002AA0000000000000D /* FitnessFriends */,
			);
			productName = FitnessApp;
			productReference = 00181AF22DABCCE300884E28 /* FitnessApp.app */;
			productType = "com.apple.product-type.application";
		};
		00181B022DABCCE400884E28 /* FitnessAppTests */ = {
			isa = PBXNativeTarget;
			buildConfigurationList = 00181B1A2DABCCE400884E28 /* Build configuration list for PBXNativeTarget "FitnessAppTests" */;
			buildPhases = (
				00181AFF2DABCCE400884E28 /* Sources */,
				00181B002DABCCE400884E28 /* Frameworks */,
				00181B012DABCCE400884E28 /* Resources */,
			);
			buildRules = (
			);
			dependencies = (
				00181B052DABCCE400884E28 /* PBXTargetDependency */,
			);
			fileSystemSynchronizedGroups = (
				00181B062DABCCE400884E28 /* FitnessAppTests */,
			);
			name = FitnessAppTests;
			packageProductDependencies = (
			);
			productName = FitnessAppTests;
			productReference = 00181B032DABCCE400884E28 /* FitnessAppTests.xctest */;
			productType = "com.apple.product-type.bundle.unit-test";
		};
		00181B0C2DABCCE400884E28 /* FitnessAppUITests */ = {
			isa = PBXNativeTarget;
			buildConfigurationList = 00181B1D2DABCCE400884E28 /* Build configuration list for PBXNativeTarget "FitnessAppUITests" */;
			buildPhases = (
				00181B092DABCCE400884E28 /* Sources */,
				00181B0A2DABCCE400884E28 /* Frameworks */,
				00181B0B2DABCCE400884E28 /* Resources */,
			);
			buildRules = (
			);
			dependencies = (
				00181B0F2DABCCE400884E28 /* PBXTargetDependency */,
			);
			fileSystemSynchronizedGroups = (
				00181B102DABCCE400884E28 /* FitnessAppUITests */,
			);
			name = FitnessAppUITests;
			packageProductDependencies = (
				AA000004AABB000000000002 /* FitnessCore */,
			);
			productName = FitnessAppUITests;
			productReference = 00181B0D2DABCCE400884E28 /* FitnessAppUITests.xctest */;
			productType = "com.apple.product-type.bundle.ui-testing";
		};
/* End PBXNativeTarget section */

/* Begin PBXProject section */
		00181AEA2DABCCE300884E28 /* Project object */ = {
			isa = PBXProject;
			attributes = {
				BuildIndependentTargetsInParallel = 1;
				LastSwiftUpdateCheck = 1620;
				LastUpgradeCheck = 1630;
				TargetAttributes = {
					00181AF12DABCCE300884E28 = {
						CreatedOnToolsVersion = 16.2;
					};
					00181B022DABCCE400884E28 = {
						CreatedOnToolsVersion = 16.2;
						TestTargetID = 00181AF12DABCCE300884E28;
					};
					00181B0C2DABCCE400884E28 = {
						CreatedOnToolsVersion = 16.2;
						TestTargetID = 00181AF12DABCCE300884E28;
					};
				};
			};
			buildConfigurationList = 00181AED2DABCCE300884E28 /* Build configuration list for PBXProject "FitnessApp" */;
			developmentRegion = en;
			hasScannedForEncodings = 0;
			knownRegions = (
				en,
				Base,
			);
			mainGroup = 00181AE92DABCCE300884E28;
			minimizedProjectReferenceProxies = 1;
			packageReferences = (
				BB000003AA00000000000001 /* XCLocalSwiftPackageReference "Packages/FitnessResources" */,
				BB000003AA00000000000002 /* XCLocalSwiftPackageReference "Packages/FitnessCore" */,
				BB000003AA00000000000003 /* XCLocalSwiftPackageReference "Packages/FitnessStorage" */,
				BB000003AA00000000000004 /* XCLocalSwiftPackageReference "Packages/FitnessUI" */,
				BB000003AA00000000000005 /* XCLocalSwiftPackageReference "Packages/FitnessAnalytics" */,
				BB000003AA00000000000006 /* XCLocalSwiftPackageReference "Packages/FitnessTraining" */,
				BB000003AA00000000000007 /* XCLocalSwiftPackageReference "Packages/FitnessExercise" */,
				BB000003AA0000000000000C /* XCLocalSwiftPackageReference "Packages/FitnessPersistenceUI" */,
				BB000003AA00000000000008 /* XCLocalSwiftPackageReference "Packages/FitnessSchedule" */,
				BB000003AA0000000000000A /* XCLocalSwiftPackageReference "Packages/FitnessProfile" */,
				BB000003AA0000000000000B /* XCLocalSwiftPackageReference "Packages/FitnessWorkouts" */,
				BB000003AA00000000000009 /* XCRemoteSwiftPackageReference "Factory" */,
				BB000003AA0000000000000D /* XCLocalSwiftPackageReference "Packages/FitnessFriends" */,
			);
			preferredProjectObjectVersion = 77;
			productRefGroup = 00181AF32DABCCE300884E28 /* Products */;
			projectDirPath = "";
			projectRoot = "";
			targets = (
				00181AF12DABCCE300884E28 /* FitnessApp */,
				00181B022DABCCE400884E28 /* FitnessAppTests */,
				00181B0C2DABCCE400884E28 /* FitnessAppUITests */,
			);
		};
/* End PBXProject section */

/* Begin PBXResourcesBuildPhase section */
		00181AF02DABCCE300884E28 /* Resources */ = {
			isa = PBXResourcesBuildPhase;
			buildActionMask = 2147483647;
			files = (
				00181BFD2DABFA8500884E28 /* .gitignore in Resources */,
			);
			runOnlyForDeploymentPostprocessing = 0;
		};
		00181B012DABCCE400884E28 /* Resources */ = {
			isa = PBXResourcesBuildPhase;
			buildActionMask = 2147483647;
			files = (
			);
			runOnlyForDeploymentPostprocessing = 0;
		};
		00181B0B2DABCCE400884E28 /* Resources */ = {
			isa = PBXResourcesBuildPhase;
			buildActionMask = 2147483647;
			files = (
			);
			runOnlyForDeploymentPostprocessing = 0;
		};
/* End PBXResourcesBuildPhase section */

/* Begin PBXSourcesBuildPhase section */
		00181AEE2DABCCE300884E28 /* Sources */ = {
			isa = PBXSourcesBuildPhase;
			buildActionMask = 2147483647;
			files = (
			);
			runOnlyForDeploymentPostprocessing = 0;
		};
		00181AFF2DABCCE400884E28 /* Sources */ = {
			isa = PBXSourcesBuildPhase;
			buildActionMask = 2147483647;
			files = (
			);
			runOnlyForDeploymentPostprocessing = 0;
		};
		00181B092DABCCE400884E28 /* Sources */ = {
			isa = PBXSourcesBuildPhase;
			buildActionMask = 2147483647;
			files = (
			);
			runOnlyForDeploymentPostprocessing = 0;
		};
/* End PBXSourcesBuildPhase section */

/* Begin PBXTargetDependency section */
		00181B052DABCCE400884E28 /* PBXTargetDependency */ = {
			isa = PBXTargetDependency;
			target = 00181AF12DABCCE300884E28 /* FitnessApp */;
			targetProxy = 00181B042DABCCE400884E28 /* PBXContainerItemProxy */;
		};
		00181B0F2DABCCE400884E28 /* PBXTargetDependency */ = {
			isa = PBXTargetDependency;
			target = 00181AF12DABCCE300884E28 /* FitnessApp */;
			targetProxy = 00181B0E2DABCCE400884E28 /* PBXContainerItemProxy */;
		};
/* End PBXTargetDependency section */

/* Begin XCBuildConfiguration section */
		00181B152DABCCE400884E28 /* Debug */ = {
			isa = XCBuildConfiguration;
			buildSettings = {
				ALWAYS_SEARCH_USER_PATHS = NO;
				ASSETCATALOG_COMPILER_GENERATE_SWIFT_ASSET_SYMBOL_EXTENSIONS = YES;
				CLANG_ANALYZER_NONNULL = YES;
				CLANG_ANALYZER_NUMBER_OBJECT_CONVERSION = YES_AGGRESSIVE;
				CLANG_CXX_LANGUAGE_STANDARD = "gnu++20";
				CLANG_ENABLE_MODULES = YES;
				CLANG_ENABLE_OBJC_ARC = YES;
				CLANG_ENABLE_OBJC_WEAK = YES;
				CLANG_WARN_BLOCK_CAPTURE_AUTORELEASING = YES;
				CLANG_WARN_BOOL_CONVERSION = YES;
				CLANG_WARN_COMMA = YES;
				CLANG_WARN_CONSTANT_CONVERSION = YES;
				CLANG_WARN_DEPRECATED_OBJC_IMPLEMENTATIONS = YES;
				CLANG_WARN_DIRECT_OBJC_ISA_USAGE = YES_ERROR;
				CLANG_WARN_DOCUMENTATION_COMMENTS = YES;
				CLANG_WARN_EMPTY_BODY = YES;
				CLANG_WARN_ENUM_CONVERSION = YES;
				CLANG_WARN_INFINITE_RECURSION = YES;
				CLANG_WARN_INT_CONVERSION = YES;
				CLANG_WARN_NON_LITERAL_NULL_CONVERSION = YES;
				CLANG_WARN_OBJC_IMPLICIT_RETAIN_SELF = YES;
				CLANG_WARN_OBJC_LITERAL_CONVERSION = YES;
				CLANG_WARN_OBJC_ROOT_CLASS = YES_ERROR;
				CLANG_WARN_QUOTED_INCLUDE_IN_FRAMEWORK_HEADER = YES;
				CLANG_WARN_RANGE_LOOP_ANALYSIS = YES;
				CLANG_WARN_STRICT_PROTOTYPES = YES;
				CLANG_WARN_SUSPICIOUS_MOVE = YES;
				CLANG_WARN_UNGUARDED_AVAILABILITY = YES_AGGRESSIVE;
				CLANG_WARN_UNREACHABLE_CODE = YES;
				CLANG_WARN__DUPLICATE_METHOD_MATCH = YES;
				COPY_PHASE_STRIP = NO;
				DEAD_CODE_STRIPPING = YES;
				DEBUG_INFORMATION_FORMAT = dwarf;
				ENABLE_STRICT_OBJC_MSGSEND = YES;
				ENABLE_TESTABILITY = YES;
				ENABLE_USER_SCRIPT_SANDBOXING = YES;
				GCC_C_LANGUAGE_STANDARD = gnu17;
				GCC_DYNAMIC_NO_PIC = NO;
				GCC_NO_COMMON_BLOCKS = YES;
				GCC_OPTIMIZATION_LEVEL = 0;
				GCC_PREPROCESSOR_DEFINITIONS = (
					"DEBUG=1",
					"$(inherited)",
				);
				GCC_WARN_64_TO_32_BIT_CONVERSION = YES;
				GCC_WARN_ABOUT_RETURN_TYPE = YES_ERROR;
				GCC_WARN_UNDECLARED_SELECTOR = YES;
				GCC_WARN_UNINITIALIZED_AUTOS = YES_AGGRESSIVE;
				GCC_WARN_UNUSED_FUNCTION = YES;
				GCC_WARN_UNUSED_VARIABLE = YES;
				LOCALIZATION_PREFERS_STRING_CATALOGS = YES;
				MTL_ENABLE_DEBUG_INFO = INCLUDE_SOURCE;
				MTL_FAST_MATH = YES;
				ONLY_ACTIVE_ARCH = YES;
				SWIFT_ACTIVE_COMPILATION_CONDITIONS = "DEBUG $(inherited)";
				SWIFT_OPTIMIZATION_LEVEL = "-Onone";
			};
			name = Debug;
		};
		00181B162DABCCE400884E28 /* Release */ = {
			isa = XCBuildConfiguration;
			buildSettings = {
				ALWAYS_SEARCH_USER_PATHS = NO;
				ASSETCATALOG_COMPILER_GENERATE_SWIFT_ASSET_SYMBOL_EXTENSIONS = YES;
				CLANG_ANALYZER_NONNULL = YES;
				CLANG_ANALYZER_NUMBER_OBJECT_CONVERSION = YES_AGGRESSIVE;
				CLANG_CXX_LANGUAGE_STANDARD = "gnu++20";
				CLANG_ENABLE_MODULES = YES;
				CLANG_ENABLE_OBJC_ARC = YES;
				CLANG_ENABLE_OBJC_WEAK = YES;
				CLANG_WARN_BLOCK_CAPTURE_AUTORELEASING = YES;
				CLANG_WARN_BOOL_CONVERSION = YES;
				CLANG_WARN_COMMA = YES;
				CLANG_WARN_CONSTANT_CONVERSION = YES;
				CLANG_WARN_DEPRECATED_OBJC_IMPLEMENTATIONS = YES;
				CLANG_WARN_DIRECT_OBJC_ISA_USAGE = YES_ERROR;
				CLANG_WARN_DOCUMENTATION_COMMENTS = YES;
				CLANG_WARN_EMPTY_BODY = YES;
				CLANG_WARN_ENUM_CONVERSION = YES;
				CLANG_WARN_INFINITE_RECURSION = YES;
				CLANG_WARN_INT_CONVERSION = YES;
				CLANG_WARN_NON_LITERAL_NULL_CONVERSION = YES;
				CLANG_WARN_OBJC_IMPLICIT_RETAIN_SELF = YES;
				CLANG_WARN_OBJC_LITERAL_CONVERSION = YES;
				CLANG_WARN_OBJC_ROOT_CLASS = YES_ERROR;
				CLANG_WARN_QUOTED_INCLUDE_IN_FRAMEWORK_HEADER = YES;
				CLANG_WARN_RANGE_LOOP_ANALYSIS = YES;
				CLANG_WARN_STRICT_PROTOTYPES = YES;
				CLANG_WARN_SUSPICIOUS_MOVE = YES;
				CLANG_WARN_UNGUARDED_AVAILABILITY = YES_AGGRESSIVE;
				CLANG_WARN_UNREACHABLE_CODE = YES;
				CLANG_WARN__DUPLICATE_METHOD_MATCH = YES;
				COPY_PHASE_STRIP = NO;
				DEAD_CODE_STRIPPING = YES;
				DEBUG_INFORMATION_FORMAT = "dwarf-with-dsym";
				ENABLE_NS_ASSERTIONS = NO;
				ENABLE_STRICT_OBJC_MSGSEND = YES;
				ENABLE_USER_SCRIPT_SANDBOXING = YES;
				GCC_C_LANGUAGE_STANDARD = gnu17;
				GCC_NO_COMMON_BLOCKS = YES;
				GCC_WARN_64_TO_32_BIT_CONVERSION = YES;
				GCC_WARN_ABOUT_RETURN_TYPE = YES_ERROR;
				GCC_WARN_UNDECLARED_SELECTOR = YES;
				GCC_WARN_UNINITIALIZED_AUTOS = YES_AGGRESSIVE;
				GCC_WARN_UNUSED_FUNCTION = YES;
				GCC_WARN_UNUSED_VARIABLE = YES;
				LOCALIZATION_PREFERS_STRING_CATALOGS = YES;
				MTL_ENABLE_DEBUG_INFO = NO;
				MTL_FAST_MATH = YES;
				SWIFT_COMPILATION_MODE = wholemodule;
			};
			name = Release;
		};
		00181B182DABCCE400884E28 /* Debug */ = {
			isa = XCBuildConfiguration;
			buildSettings = {
				ASSETCATALOG_COMPILER_APPICON_NAME = AppIcon;
				ASSETCATALOG_COMPILER_GLOBAL_ACCENT_COLOR_NAME = AccentColor;
				CODE_SIGN_ENTITLEMENTS = FitnessApp/FitnessApp.entitlements;
				CODE_SIGN_IDENTITY = "Apple Development";
				"CODE_SIGN_IDENTITY[sdk=macosx*]" = "Apple Development";
				CODE_SIGN_STYLE = Automatic;
				CURRENT_PROJECT_VERSION = 1;
				DEAD_CODE_STRIPPING = YES;
				DEVELOPMENT_ASSET_PATHS = "\"FitnessApp/Preview Content\"";
				DEVELOPMENT_TEAM = UU57GBKHX7;
				ENABLE_PREVIEWS = YES;
				GENERATE_INFOPLIST_FILE = NO;
				INFOPLIST_FILE = FitnessApp/Info.plist;
				IPHONEOS_DEPLOYMENT_TARGET = 26.0;
				LD_RUNPATH_SEARCH_PATHS = "@executable_path/Frameworks";
				"LD_RUNPATH_SEARCH_PATHS[sdk=macosx*]" = "@executable_path/../Frameworks";
				MACOSX_DEPLOYMENT_TARGET = 15.2;
				MARKETING_VERSION = 1.0;
				PRODUCT_BUNDLE_IDENTIFIER = com.fitnesspro.FitnessTeam;
				PRODUCT_NAME = "$(TARGET_NAME)";
				PROVISIONING_PROFILE_SPECIFIER = "";
				SDKROOT = auto;
				SUPPORTED_PLATFORMS = "iphoneos iphonesimulator macosx xros xrsimulator";
				SWIFT_ACTIVE_COMPILATION_CONDITIONS = "$(inherited)";
				SWIFT_EMIT_LOC_STRINGS = YES;
				SWIFT_VERSION = 5.0;
				TARGETED_DEVICE_FAMILY = "1,2,7";
				XROS_DEPLOYMENT_TARGET = 2.2;
			};
			name = Debug;
		};
		00181B192DABCCE400884E28 /* Release */ = {
			isa = XCBuildConfiguration;
			buildSettings = {
				ASSETCATALOG_COMPILER_APPICON_NAME = AppIcon;
				ASSETCATALOG_COMPILER_GLOBAL_ACCENT_COLOR_NAME = AccentColor;
				CODE_SIGN_ENTITLEMENTS = FitnessApp/FitnessApp.entitlements;
				CODE_SIGN_IDENTITY = "Apple Development";
				"CODE_SIGN_IDENTITY[sdk=macosx*]" = "Apple Development";
				CODE_SIGN_STYLE = Automatic;
				CURRENT_PROJECT_VERSION = 1;
				DEAD_CODE_STRIPPING = YES;
				DEVELOPMENT_ASSET_PATHS = "\"FitnessApp/Preview Content\"";
				DEVELOPMENT_TEAM = UU57GBKHX7;
				ENABLE_PREVIEWS = YES;
				GENERATE_INFOPLIST_FILE = NO;
				INFOPLIST_FILE = FitnessApp/Info.plist;
				IPHONEOS_DEPLOYMENT_TARGET = 26.0;
				LD_RUNPATH_SEARCH_PATHS = "@executable_path/Frameworks";
				"LD_RUNPATH_SEARCH_PATHS[sdk=macosx*]" = "@executable_path/../Frameworks";
				MACOSX_DEPLOYMENT_TARGET = 15.2;
				MARKETING_VERSION = 1.0;
				PRODUCT_BUNDLE_IDENTIFIER = com.fitnesspro.FitnessTeam;
				PRODUCT_NAME = "$(TARGET_NAME)";
				PROVISIONING_PROFILE_SPECIFIER = "";
				SDKROOT = auto;
				SUPPORTED_PLATFORMS = "iphoneos iphonesimulator macosx xros xrsimulator";
				SWIFT_EMIT_LOC_STRINGS = YES;
				SWIFT_VERSION = 5.0;
				TARGETED_DEVICE_FAMILY = "1,2,7";
				XROS_DEPLOYMENT_TARGET = 2.2;
			};
			name = Release;
		};
		00181B1B2DABCCE400884E28 /* Debug */ = {
			isa = XCBuildConfiguration;
			buildSettings = {
				BUNDLE_LOADER = "$(TEST_HOST)";
				CODE_SIGN_STYLE = Automatic;
				CURRENT_PROJECT_VERSION = 1;
				DEAD_CODE_STRIPPING = YES;
				GENERATE_INFOPLIST_FILE = YES;
				IPHONEOS_DEPLOYMENT_TARGET = 26.0;
				MACOSX_DEPLOYMENT_TARGET = 15.2;
				MARKETING_VERSION = 1.0;
				PRODUCT_BUNDLE_IDENTIFIER = com.fitnesspro.FitnessAppTests;
				PRODUCT_NAME = "$(TARGET_NAME)";
				SDKROOT = auto;
				SUPPORTED_PLATFORMS = "iphoneos iphonesimulator macosx xros xrsimulator";
				SWIFT_EMIT_LOC_STRINGS = NO;
				SWIFT_VERSION = 5.0;
				TARGETED_DEVICE_FAMILY = "1,2,7";
				TEST_HOST = "$(BUILT_PRODUCTS_DIR)/FitnessApp.app/$(BUNDLE_EXECUTABLE_FOLDER_PATH)/FitnessApp";
				XROS_DEPLOYMENT_TARGET = 2.2;
			};
			name = Debug;
		};
		00181B1C2DABCCE400884E28 /* Release */ = {
			isa = XCBuildConfiguration;
			buildSettings = {
				BUNDLE_LOADER = "$(TEST_HOST)";
				CODE_SIGN_STYLE = Automatic;
				CURRENT_PROJECT_VERSION = 1;
				DEAD_CODE_STRIPPING = YES;
				GENERATE_INFOPLIST_FILE = YES;
				IPHONEOS_DEPLOYMENT_TARGET = 26.0;
				MACOSX_DEPLOYMENT_TARGET = 15.2;
				MARKETING_VERSION = 1.0;
				PRODUCT_BUNDLE_IDENTIFIER = com.fitnesspro.FitnessAppTests;
				PRODUCT_NAME = "$(TARGET_NAME)";
				SDKROOT = auto;
				SUPPORTED_PLATFORMS = "iphoneos iphonesimulator macosx xros xrsimulator";
				SWIFT_EMIT_LOC_STRINGS = NO;
				SWIFT_VERSION = 5.0;
				TARGETED_DEVICE_FAMILY = "1,2,7";
				TEST_HOST = "$(BUILT_PRODUCTS_DIR)/FitnessApp.app/$(BUNDLE_EXECUTABLE_FOLDER_PATH)/FitnessApp";
				XROS_DEPLOYMENT_TARGET = 2.2;
			};
			name = Release;
		};
		00181B1E2DABCCE400884E28 /* Debug */ = {
			isa = XCBuildConfiguration;
			buildSettings = {
				CODE_SIGN_STYLE = Automatic;
				CURRENT_PROJECT_VERSION = 1;
				DEAD_CODE_STRIPPING = YES;
				GENERATE_INFOPLIST_FILE = YES;
				IPHONEOS_DEPLOYMENT_TARGET = 26.0;
				MACOSX_DEPLOYMENT_TARGET = 15.2;
				MARKETING_VERSION = 1.0;
				PRODUCT_BUNDLE_IDENTIFIER = com.fitnesspro.FitnessAppUITests;
				PRODUCT_NAME = "$(TARGET_NAME)";
				SDKROOT = auto;
				SUPPORTED_PLATFORMS = "iphoneos iphonesimulator macosx xros xrsimulator";
				SWIFT_ACTIVE_COMPILATION_CONDITIONS = "UITESTING $(inherited)";
				SWIFT_EMIT_LOC_STRINGS = NO;
				SWIFT_VERSION = 5.0;
				TARGETED_DEVICE_FAMILY = "1,2,7";
				TEST_TARGET_NAME = FitnessApp;
				XROS_DEPLOYMENT_TARGET = 2.2;
			};
			name = Debug;
		};
		00181B1F2DABCCE400884E28 /* Release */ = {
			isa = XCBuildConfiguration;
			buildSettings = {
				CODE_SIGN_STYLE = Automatic;
				CURRENT_PROJECT_VERSION = 1;
				DEAD_CODE_STRIPPING = YES;
				GENERATE_INFOPLIST_FILE = YES;
				IPHONEOS_DEPLOYMENT_TARGET = 26.0;
				MACOSX_DEPLOYMENT_TARGET = 15.2;
				MARKETING_VERSION = 1.0;
				PRODUCT_BUNDLE_IDENTIFIER = com.fitnesspro.FitnessAppUITests;
				PRODUCT_NAME = "$(TARGET_NAME)";
				SDKROOT = auto;
				SUPPORTED_PLATFORMS = "iphoneos iphonesimulator macosx xros xrsimulator";
				SWIFT_ACTIVE_COMPILATION_CONDITIONS = UITESTING;
				SWIFT_EMIT_LOC_STRINGS = NO;
				SWIFT_VERSION = 5.0;
				TARGETED_DEVICE_FAMILY = "1,2,7";
				TEST_TARGET_NAME = FitnessApp;
				XROS_DEPLOYMENT_TARGET = 2.2;
			};
			name = Release;
		};
		AA00000100CC000000000001 /* UITesting */ = {
			isa = XCBuildConfiguration;
			buildSettings = {
				ALWAYS_SEARCH_USER_PATHS = NO;
				ASSETCATALOG_COMPILER_GENERATE_SWIFT_ASSET_SYMBOL_EXTENSIONS = YES;
				CLANG_ANALYZER_NONNULL = YES;
				CLANG_ANALYZER_NUMBER_OBJECT_CONVERSION = YES_AGGRESSIVE;
				CLANG_CXX_LANGUAGE_STANDARD = "gnu++20";
				CLANG_ENABLE_MODULES = YES;
				CLANG_ENABLE_OBJC_ARC = YES;
				CLANG_ENABLE_OBJC_WEAK = YES;
				CLANG_WARN_BLOCK_CAPTURE_AUTORELEASING = YES;
				CLANG_WARN_BOOL_CONVERSION = YES;
				CLANG_WARN_COMMA = YES;
				CLANG_WARN_CONSTANT_CONVERSION = YES;
				CLANG_WARN_DEPRECATED_OBJC_IMPLEMENTATIONS = YES;
				CLANG_WARN_DIRECT_OBJC_ISA_USAGE = YES_ERROR;
				CLANG_WARN_DOCUMENTATION_COMMENTS = YES;
				CLANG_WARN_EMPTY_BODY = YES;
				CLANG_WARN_ENUM_CONVERSION = YES;
				CLANG_WARN_INFINITE_RECURSION = YES;
				CLANG_WARN_INT_CONVERSION = YES;
				CLANG_WARN_NON_LITERAL_NULL_CONVERSION = YES;
				CLANG_WARN_OBJC_IMPLICIT_RETAIN_SELF = YES;
				CLANG_WARN_OBJC_LITERAL_CONVERSION = YES;
				CLANG_WARN_OBJC_ROOT_CLASS = YES_ERROR;
				CLANG_WARN_QUOTED_INCLUDE_IN_FRAMEWORK_HEADER = YES;
				CLANG_WARN_RANGE_LOOP_ANALYSIS = YES;
				CLANG_WARN_STRICT_PROTOTYPES = YES;
				CLANG_WARN_SUSPICIOUS_MOVE = YES;
				CLANG_WARN_UNGUARDED_AVAILABILITY = YES_AGGRESSIVE;
				CLANG_WARN_UNREACHABLE_CODE = YES;
				CLANG_WARN__DUPLICATE_METHOD_MATCH = YES;
				COPY_PHASE_STRIP = NO;
				DEAD_CODE_STRIPPING = YES;
				DEBUG_INFORMATION_FORMAT = dwarf;
				ENABLE_STRICT_OBJC_MSGSEND = YES;
				ENABLE_TESTABILITY = YES;
				ENABLE_USER_SCRIPT_SANDBOXING = YES;
				GCC_C_LANGUAGE_STANDARD = gnu17;
				GCC_DYNAMIC_NO_PIC = NO;
				GCC_NO_COMMON_BLOCKS = YES;
				GCC_OPTIMIZATION_LEVEL = 0;
				GCC_PREPROCESSOR_DEFINITIONS = (
					"DEBUG=1",
					"$(inherited)",
				);
				GCC_WARN_64_TO_32_BIT_CONVERSION = YES;
				GCC_WARN_ABOUT_RETURN_TYPE = YES_ERROR;
				GCC_WARN_UNDECLARED_SELECTOR = YES;
				GCC_WARN_UNINITIALIZED_AUTOS = YES_AGGRESSIVE;
				GCC_WARN_UNUSED_FUNCTION = YES;
				GCC_WARN_UNUSED_VARIABLE = YES;
				LOCALIZATION_PREFERS_STRING_CATALOGS = YES;
				MTL_ENABLE_DEBUG_INFO = INCLUDE_SOURCE;
				MTL_FAST_MATH = YES;
				ONLY_ACTIVE_ARCH = YES;
				SWIFT_ACTIVE_COMPILATION_CONDITIONS = "DEBUG $(inherited)";
				SWIFT_OPTIMIZATION_LEVEL = "-Onone";
			};
			name = UITesting;
		};
		AA00000100CC000000000002 /* UITesting */ = {
			isa = XCBuildConfiguration;
			buildSettings = {
				ASSETCATALOG_COMPILER_APPICON_NAME = AppIcon;
				ASSETCATALOG_COMPILER_GLOBAL_ACCENT_COLOR_NAME = AccentColor;
				CODE_SIGN_ENTITLEMENTS = FitnessApp/FitnessApp.entitlements;
				CODE_SIGN_IDENTITY = "Apple Development";
				"CODE_SIGN_IDENTITY[sdk=macosx*]" = "Apple Development";
				CODE_SIGN_STYLE = Automatic;
				CURRENT_PROJECT_VERSION = 1;
				DEAD_CODE_STRIPPING = YES;
				DEVELOPMENT_ASSET_PATHS = "\"FitnessApp/Preview Content\"";
				DEVELOPMENT_TEAM = UU57GBKHX7;
				ENABLE_PREVIEWS = YES;
				GENERATE_INFOPLIST_FILE = NO;
				INFOPLIST_FILE = FitnessApp/Info.plist;
				IPHONEOS_DEPLOYMENT_TARGET = 26.0;
				LD_RUNPATH_SEARCH_PATHS = "@executable_path/Frameworks";
				"LD_RUNPATH_SEARCH_PATHS[sdk=macosx*]" = "@executable_path/../Frameworks";
				MACOSX_DEPLOYMENT_TARGET = 15.2;
				MARKETING_VERSION = 1.0;
				PRODUCT_BUNDLE_IDENTIFIER = com.fitnesspro.FitnessTeam;
				PRODUCT_NAME = "$(TARGET_NAME)";
				PROVISIONING_PROFILE_SPECIFIER = "";
				SDKROOT = auto;
				SUPPORTED_PLATFORMS = "iphoneos iphonesimulator macosx xros xrsimulator";
				SWIFT_ACTIVE_COMPILATION_CONDITIONS = "UITESTING $(inherited)";
				SWIFT_EMIT_LOC_STRINGS = YES;
				SWIFT_VERSION = 5.0;
				TARGETED_DEVICE_FAMILY = "1,2,7";
				XROS_DEPLOYMENT_TARGET = 2.2;
			};
			name = UITesting;
		};
		AA00000100CC000000000003 /* UITesting */ = {
			isa = XCBuildConfiguration;
			buildSettings = {
				BUNDLE_LOADER = "$(TEST_HOST)";
				CODE_SIGN_STYLE = Automatic;
				CURRENT_PROJECT_VERSION = 1;
				DEAD_CODE_STRIPPING = YES;
				GENERATE_INFOPLIST_FILE = YES;
				IPHONEOS_DEPLOYMENT_TARGET = 26.0;
				MACOSX_DEPLOYMENT_TARGET = 15.2;
				MARKETING_VERSION = 1.0;
				PRODUCT_BUNDLE_IDENTIFIER = com.fitnesspro.FitnessAppTests;
				PRODUCT_NAME = "$(TARGET_NAME)";
				SDKROOT = auto;
				SUPPORTED_PLATFORMS = "iphoneos iphonesimulator macosx xros xrsimulator";
				SWIFT_EMIT_LOC_STRINGS = NO;
				SWIFT_VERSION = 5.0;
				TARGETED_DEVICE_FAMILY = "1,2,7";
				TEST_HOST = "$(BUILT_PRODUCTS_DIR)/FitnessApp.app/$(BUNDLE_EXECUTABLE_FOLDER_PATH)/FitnessApp";
				XROS_DEPLOYMENT_TARGET = 2.2;
			};
			name = UITesting;
		};
		AA00000100CC000000000004 /* UITesting */ = {
			isa = XCBuildConfiguration;
			buildSettings = {
				CODE_SIGN_STYLE = Automatic;
				CURRENT_PROJECT_VERSION = 1;
				DEAD_CODE_STRIPPING = YES;
				GENERATE_INFOPLIST_FILE = YES;
				IPHONEOS_DEPLOYMENT_TARGET = 26.0;
				MACOSX_DEPLOYMENT_TARGET = 15.2;
				MARKETING_VERSION = 1.0;
				PRODUCT_BUNDLE_IDENTIFIER = com.fitnesspro.FitnessAppUITests;
				PRODUCT_NAME = "$(TARGET_NAME)";
				SDKROOT = auto;
				SUPPORTED_PLATFORMS = "iphoneos iphonesimulator macosx xros xrsimulator";
				SWIFT_ACTIVE_COMPILATION_CONDITIONS = "UITESTING $(inherited)";
				SWIFT_EMIT_LOC_STRINGS = NO;
				SWIFT_VERSION = 5.0;
				TARGETED_DEVICE_FAMILY = "1,2,7";
				TEST_TARGET_NAME = FitnessApp;
				XROS_DEPLOYMENT_TARGET = 2.2;
			};
			name = UITesting;
		};
/* End XCBuildConfiguration section */

/* Begin XCConfigurationList section */
		00181AED2DABCCE300884E28 /* Build configuration list for PBXProject "FitnessApp" */ = {
			isa = XCConfigurationList;
			buildConfigurations = (
				00181B152DABCCE400884E28 /* Debug */,
				00181B162DABCCE400884E28 /* Release */,
				AA00000100CC000000000001 /* UITesting */,
			);
			defaultConfigurationIsVisible = 0;
			defaultConfigurationName = Release;
		};
		00181B172DABCCE400884E28 /* Build configuration list for PBXNativeTarget "FitnessApp" */ = {
			isa = XCConfigurationList;
			buildConfigurations = (
				00181B182DABCCE400884E28 /* Debug */,
				00181B192DABCCE400884E28 /* Release */,
				AA00000100CC000000000002 /* UITesting */,
			);
			defaultConfigurationIsVisible = 0;
			defaultConfigurationName = Release;
		};
		00181B1A2DABCCE400884E28 /* Build configuration list for PBXNativeTarget "FitnessAppTests" */ = {
			isa = XCConfigurationList;
			buildConfigurations = (
				00181B1B2DABCCE400884E28 /* Debug */,
				00181B1C2DABCCE400884E28 /* Release */,
				AA00000100CC000000000003 /* UITesting */,
			);
			defaultConfigurationIsVisible = 0;
			defaultConfigurationName = Release;
		};
		00181B1D2DABCCE400884E28 /* Build configuration list for PBXNativeTarget "FitnessAppUITests" */ = {
			isa = XCConfigurationList;
			buildConfigurations = (
				00181B1E2DABCCE400884E28 /* Debug */,
				00181B1F2DABCCE400884E28 /* Release */,
				AA00000100CC000000000004 /* UITesting */,
			);
			defaultConfigurationIsVisible = 0;
			defaultConfigurationName = Release;
		};
/* End XCConfigurationList section */

/* Begin XCLocalSwiftPackageReference section */
		BB000003AA00000000000001 /* XCLocalSwiftPackageReference "Packages/FitnessResources" */ = {
			isa = XCLocalSwiftPackageReference;
			relativePath = Packages/FitnessResources;
		};
		BB000003AA00000000000002 /* XCLocalSwiftPackageReference "Packages/FitnessCore" */ = {
			isa = XCLocalSwiftPackageReference;
			relativePath = Packages/FitnessCore;
		};
		BB000003AA00000000000003 /* XCLocalSwiftPackageReference "Packages/FitnessStorage" */ = {
			isa = XCLocalSwiftPackageReference;
			relativePath = Packages/FitnessStorage;
		};
		BB000003AA00000000000004 /* XCLocalSwiftPackageReference "Packages/FitnessUI" */ = {
			isa = XCLocalSwiftPackageReference;
			relativePath = Packages/FitnessUI;
		};
		BB000003AA00000000000005 /* XCLocalSwiftPackageReference "Packages/FitnessAnalytics" */ = {
			isa = XCLocalSwiftPackageReference;
			relativePath = Packages/FitnessAnalytics;
		};
		BB000003AA00000000000006 /* XCLocalSwiftPackageReference "Packages/FitnessTraining" */ = {
			isa = XCLocalSwiftPackageReference;
			relativePath = Packages/FitnessTraining;
		};
		BB000003AA00000000000007 /* XCLocalSwiftPackageReference "Packages/FitnessExercise" */ = {
			isa = XCLocalSwiftPackageReference;
			relativePath = Packages/FitnessExercise;
		};
		BB000003AA00000000000008 /* XCLocalSwiftPackageReference "Packages/FitnessSchedule" */ = {
			isa = XCLocalSwiftPackageReference;
			relativePath = Packages/FitnessSchedule;
		};
		BB000003AA0000000000000A /* XCLocalSwiftPackageReference "Packages/FitnessProfile" */ = {
			isa = XCLocalSwiftPackageReference;
			relativePath = Packages/FitnessProfile;
		};
		BB000003AA0000000000000B /* XCLocalSwiftPackageReference "Packages/FitnessWorkouts" */ = {
			isa = XCLocalSwiftPackageReference;
			relativePath = Packages/FitnessWorkouts;
		};
		BB000003AA0000000000000C /* XCLocalSwiftPackageReference "Packages/FitnessPersistenceUI" */ = {
			isa = XCLocalSwiftPackageReference;
			relativePath = Packages/FitnessPersistenceUI;
		};
		BB000003AA0000000000000D /* XCLocalSwiftPackageReference "Packages/FitnessFriends" */ = {
			isa = XCLocalSwiftPackageReference;
			relativePath = Packages/FitnessFriends;
		};
/* End XCLocalSwiftPackageReference section */

/* Begin XCRemoteSwiftPackageReference section */
		BB000003AA00000000000009 /* XCRemoteSwiftPackageReference "Factory" */ = {
			isa = XCRemoteSwiftPackageReference;
			repositoryURL = "https://github.com/hmlongco/Factory.git";
			requirement = {
				kind = upToNextMajorVersion;
				minimumVersion = 2.5.0;
			};
		};
/* End XCRemoteSwiftPackageReference section */

/* Begin XCSwiftPackageProductDependency section */
		AA000004AABB000000000002 /* FitnessCore */ = {
			isa = XCSwiftPackageProductDependency;
			productName = FitnessCore;
		};
		BB000002AA00000000000001 /* FitnessResources */ = {
			isa = XCSwiftPackageProductDependency;
			productName = FitnessResources;
		};
		BB000002AA00000000000002 /* FitnessCore */ = {
			isa = XCSwiftPackageProductDependency;
			productName = FitnessCore;
		};
		BB000002AA00000000000003 /* FitnessStorage */ = {
			isa = XCSwiftPackageProductDependency;
			productName = FitnessStorage;
		};
		BB000002AA00000000000004 /* FitnessUI */ = {
			isa = XCSwiftPackageProductDependency;
			productName = FitnessUI;
		};
		BB000002AA00000000000005 /* FitnessAnalytics */ = {
			isa = XCSwiftPackageProductDependency;
			productName = FitnessAnalytics;
		};
		BB000002AA00000000000006 /* FitnessTraining */ = {
			isa = XCSwiftPackageProductDependency;
			productName = FitnessTraining;
		};
		BB000002AA00000000000007 /* FitnessExercise */ = {
			isa = XCSwiftPackageProductDependency;
			productName = FitnessExercise;
		};
		BB000002AA00000000000008 /* FitnessSchedule */ = {
			isa = XCSwiftPackageProductDependency;
			productName = FitnessSchedule;
		};
		BB000002AA00000000000009 /* Factory */ = {
			isa = XCSwiftPackageProductDependency;
			package = BB000003AA00000000000009 /* XCRemoteSwiftPackageReference "Factory" */;
			productName = Factory;
		};
		BB000002AA0000000000000A /* FitnessProfile */ = {
			isa = XCSwiftPackageProductDependency;
			productName = FitnessProfile;
		};
		BB000002AA0000000000000B /* FitnessWorkouts */ = {
			isa = XCSwiftPackageProductDependency;
			productName = FitnessWorkouts;
		};
		BB000002AA0000000000000C /* FitnessPersistenceUI */ = {
			isa = XCSwiftPackageProductDependency;
			productName = FitnessPersistenceUI;
		};
		BB000002AA0000000000000D /* FitnessFriends */ = {
			isa = XCSwiftPackageProductDependency;
			package = BB000003AA0000000000000D /* XCLocalSwiftPackageReference "Packages/FitnessFriends" */;
			productName = FitnessFriends;
		};
/* End XCSwiftPackageProductDependency section */
	};
	rootObject = 00181AEA2DABCCE300884E28 /* Project object */;
}
